{
  "lockfileVersion": 1,
  "configVersion": 1,
  "workspaces": {
    "": {
      "name": "nexu5-music-bot",
      "dependencies": {
        "@discordjs/voice": "^0.19.2",
        "@distube/ytdl-core": "^4.16.10",
        "@snazzah/davey": "^0.1.11",
        "discord.js": "^14.15.3",
        "dotenv": "^16.4.5",
        "ffmpeg-static": "^5.2.0",
        "libsodium-wrappers": "^0.7.13",
        "play-dl": "^1.9.7",
      },
    },
  },
  "patchedDependencies": {
    "play-dl@1.9.7": "patches/play-dl@1.9.7.patch",
  },
  "packages": {
    "@derhuerst/http-basic": ["@derhuerst/http-basic@8.2.4", "", { "dependencies": { "caseless": "^0.12.0", "concat-stream": "^2.0.0", "http-response-object": "^3.0.1", "parse-cache-control": "^1.0.1" } }, "sha512-F9rL9k9Xjf5blCz8HsJRO4diy111cayL2vkY2XE4r4t3n0yPXVYy3KD3nJ1qbrSn9743UWSXH4IwuCa/HWlGFw=="],

    "@discordjs/builders": ["@discordjs/builders@1.14.1", "", { "dependencies": { "@discordjs/formatters": "^0.6.2", "@discordjs/util": "^1.2.0", "@sapphire/shapeshift": "^4.0.0", "discord-api-types": "^0.38.40", "fast-deep-equal": "^3.1.3", "ts-mixer": "^6.0.4", "tslib": "^2.6.3" } }, "sha512-gSKkhXLqs96TCzk66VZuHHl8z2bQMJFGwrXC0f33ngK+FLNau4hU1PYny3DNJfNdSH+gVMzE85/d5FQ2BpcNwQ=="],

    "@discordjs/collection": ["@discordjs/collection@1.5.3", "", {}, "sha512-SVb428OMd3WO1paV3rm6tSjM4wC+Kecaa1EUGX7vc6/fddvw/6lg90z4QtCqm21zvVe92vMMDt9+DkIvjXImQQ=="],

    "@discordjs/formatters": ["@discordjs/formatters@0.6.2", "", { "dependencies": { "discord-api-types": "^0.38.33" } }, "sha512-y4UPwWhH6vChKRkGdMB4odasUbHOUwy7KL+OVwF86PvT6QVOwElx+TiI1/6kcmcEe+g5YRXJFiXSXUdabqZOvQ=="],

    "@discordjs/rest": ["@discordjs/rest@2.6.1", "", { "dependencies": { "@discordjs/collection": "^2.1.1", "@discordjs/util": "^1.2.0", "@sapphire/async-queue": "^1.5.3", "@sapphire/snowflake": "^3.5.5", "@vladfrangu/async_event_emitter": "^2.4.6", "discord-api-types": "^0.38.40", "magic-bytes.js": "^1.13.0", "tslib": "^2.6.3", "undici": "6.24.1" } }, "sha512-wwQdgjeaoYFiaG+atbqx6aJDpqW7JHAo0HrQkBTbYzM3/PJ3GweQIpgElNcGZ26DCUOXMyawYd0YF7vtr+fZXg=="],

    "@discordjs/util": ["@discordjs/util@1.2.0", "", { "dependencies": { "discord-api-types": "^0.38.33" } }, "sha512-3LKP7F2+atl9vJFhaBjn4nOaSWahZ/yWjOvA4e5pnXkt2qyXRCHLxoBQy81GFtLGCq7K9lPm9R517M1U+/90Qg=="],

    "@discordjs/voice": ["@discordjs/voice@0.19.2", "", { "dependencies": { "@snazzah/davey": "^0.1.9", "@types/ws": "^8.18.1", "discord-api-types": "^0.38.41", "prism-media": "^1.3.5", "tslib": "^2.8.1", "ws": "^8.19.0" } }, "sha512-3yJ255e4ag3wfZu/DSxeOZK1UtnqNxnspmLaQetGT0pDkThNZoHs+Zg6dgZZ19JEVomXygvfHn9lNpICZuYtEA=="],

    "@discordjs/ws": ["@discordjs/ws@1.2.3", "", { "dependencies": { "@discordjs/collection": "^2.1.0", "@discordjs/rest": "^2.5.1", "@discordjs/util": "^1.1.0", "@sapphire/async-queue": "^1.5.2", "@types/ws": "^8.5.10", "@vladfrangu/async_event_emitter": "^2.2.4", "discord-api-types": "^0.38.1", "tslib": "^2.6.2", "ws": "^8.17.0" } }, "sha512-wPlQDxEmlDg5IxhJPuxXr3Vy9AjYq5xCvFWGJyD7w7Np8ZGu+Mc+97LCoEc/+AYCo2IDpKioiH0/c/mj5ZR9Uw=="],

    "@distube/ytdl-core": ["@distube/ytdl-core@4.16.12", "", { "dependencies": { "http-cookie-agent": "^7.0.1", "https-proxy-agent": "^7.0.6", "m3u8stream": "^0.8.6", "miniget": "^4.2.3", "sax": "^1.4.1", "tough-cookie": "^5.1.2", "undici": "^7.8.0" } }, "sha512-/NR8Jur1Q4E2oD+DJta7uwWu7SkqdEkhwERt7f4iune70zg7ZlLLTOHs1+jgg3uD2jQjpdk7RGC16FqstG4RsA=="],

    "@emnapi/core": ["@emnapi/core@1.11.1", "", { "dependencies": { "@emnapi/wasi-threads": "1.2.2", "tslib": "^2.4.0" } }, "sha512-RSvbQmHzdKzNsLYa/wHrbc3KN4sYLKAdPZxqiM2HATqv/SBk2/ENSHpvXGaLOMcsAyz0poEGqkmmKYG3OWiJEQ=="],

    "@emnapi/runtime": ["@emnapi/runtime@1.11.1", "", { "dependencies": { "tslib": "^2.4.0" } }, "sha512-vgj7R3y3Wgx24IQaGPA/R6YFXLHVMOZ0uVEyIQPaWs+rd1AzfEMXlAC22FYwO1XkKR6NPsq7mUandH8oIRdZFw=="],

    "@emnapi/wasi-threads": ["@emnapi/wasi-threads@1.2.2", "", { "dependencies": { "tslib": "^2.4.0" } }, "sha512-c95qOXkHdydNKhscBTebqEC1CVAZpyqOfVfBzQ1qgzyl3gfeldUjIggDbIZgDKsHLgnsM+igH7TJ/eAasaVuMA=="],

    "@napi-rs/wasm-runtime": ["@napi-rs/wasm-runtime@1.1.5", "", { "dependencies": { "@tybys/wasm-util": "^0.10.2" }, "peerDependencies": { "@emnapi/core": "^1.7.1", "@emnapi/runtime": "^1.7.1" } }, "sha512-AWPoBRJ9tsnVhor4sjO7rkni+7p+2IAEFj6cx06UgP10jkQHqay/36uRV/bFkgrh18D9vb4cr8Q0Pthskgzy+Q=="],

    "@sapphire/async-queue": ["@sapphire/async-queue@1.5.5", "", {}, "sha512-cvGzxbba6sav2zZkH8GPf2oGk9yYoD5qrNWdu9fRehifgnFZJMV+nuy2nON2roRO4yQQ+v7MK/Pktl/HgfsUXg=="],

    "@sapphire/shapeshift": ["@sapphire/shapeshift@4.0.0", "", { "dependencies": { "fast-deep-equal": "^3.1.3", "lodash": "^4.17.21" } }, "sha512-d9dUmWVA7MMiKobL3VpLF8P2aeanRTu6ypG2OIaEv/ZHH/SUQ2iHOVyi5wAPjQ+HmnMuL0whK9ez8I/raWbtIg=="],

    "@sapphire/snowflake": ["@sapphire/snowflake@3.5.3", "", {}, "sha512-jjmJywLAFoWeBi1W7994zZyiNWPIiqRRNAmSERxyg93xRGzNYvGjlZ0gR6x0F4gPRi2+0O6S71kOZYyr3cxaIQ=="],

    "@snazzah/davey": ["@snazzah/davey@0.1.11", "", { "optionalDependencies": { "@snazzah/davey-android-arm-eabi": "0.1.11", "@snazzah/davey-android-arm64": "0.1.11", "@snazzah/davey-darwin-arm64": "0.1.11", "@snazzah/davey-darwin-x64": "0.1.11", "@snazzah/davey-freebsd-x64": "0.1.11", "@snazzah/davey-linux-arm-gnueabihf": "0.1.11", "@snazzah/davey-linux-arm64-gnu": "0.1.11", "@snazzah/davey-linux-arm64-musl": "0.1.11", "@snazzah/davey-linux-x64-gnu": "0.1.11", "@snazzah/davey-linux-x64-musl": "0.1.11", "@snazzah/davey-wasm32-wasi": "0.1.11", "@snazzah/davey-win32-arm64-msvc": "0.1.11", "@snazzah/davey-win32-ia32-msvc": "0.1.11", "@snazzah/davey-win32-x64-msvc": "0.1.11" } }, "sha512-oBN+msHzPnm1M5DDx3wVD7iBwpNXFUtkh2MrAbUJu0OhKjliLChi28hq++mu1+qdMpAVQO5JKAvQQxYVbyneiw=="],

    "@snazzah/davey-android-arm-eabi": ["@snazzah/davey-android-arm-eabi@0.1.11", "", { "os": "android", "cpu": "arm" }, "sha512-T1RYbNYKN6tLOcGIDKJd8OI6FBSEemwL7DOYdTMmhqfhhMr3YVN8WOhfoxGg63OcnpTN2e2c5tdY2bAx25RmQQ=="],

    "@snazzah/davey-android-arm64": ["@snazzah/davey-android-arm64@0.1.11", "", { "os": "android", "cpu": "arm64" }, "sha512-ksJn/x2VU8h6w9eku1HT96ugSRZ7lKVkKNKbFleaFN+U99DJaPM+gMu2YvnFU4V54HR06ZBnRihnVG6VLXQpDw=="],

    "@snazzah/davey-darwin-arm64": ["@snazzah/davey-darwin-arm64@0.1.11", "", { "os": "darwin", "cpu": "arm64" }, "sha512-E1d7PbaaVMO3Lj9EiAPqOVbuV0xg5+PsHzHH097DDXiD1+zUDXvJaTnUWsnm5z50pJniHpi4GtaYmk+ieB/guA=="],

    "@snazzah/davey-darwin-x64": ["@snazzah/davey-darwin-x64@0.1.11", "", { "os": "darwin", "cpu": "x64" }, "sha512-Tl4TI/LTmgJZepgbgVMYDi8RqlAkPtPg1OEBPl7a9Tn3AwR36Vs6lyIT1cs/lGy/ds/+B+mKI4rPObN1cyILTw=="],

    "@snazzah/davey-freebsd-x64": ["@snazzah/davey-freebsd-x64@0.1.11", "", { "os": "freebsd", "cpu": "x64" }, "sha512-T8Iw9FXkuI1T+YBAFzh9v/TXf9IOTOSqnd/BFpTRTrlW72PR2lhIidzSmg027VxO7r5pX47iFwiOkb9I/NU/EA=="],

    "@snazzah/davey-linux-arm-gnueabihf": ["@snazzah/davey-linux-arm-gnueabihf@0.1.11", "", { "os": "linux", "cpu": "arm" }, "sha512-1Txj+8pqA8uq/OGtaUaBFWAPnNMQzFgIywj0iA7EI4xZl+mab48/pv+YZ1pNb/suC6ynsW44oB9efiXSdcUAgA=="],

    "@snazzah/davey-linux-arm64-gnu": ["@snazzah/davey-linux-arm64-gnu@0.1.11", "", { "os": "linux", "cpu": "arm64" }, "sha512-ERzF5nM/IYW1BcN3wLXpEwBCGLFf0kGJUVhaV6yfiInz0tkU8UmvrrgpaMaACfMjIhfWdq5CcX+aTkXo/saNcg=="],

    "@snazzah/davey-linux-arm64-musl": ["@snazzah/davey-linux-arm64-musl@0.1.11", "", { "os": "linux", "cpu": "arm64" }, "sha512-e6pX6Hiabtz99q+H/YHNkm9JVlpqN8HGh0qPib8G2+UY4/SSH8WvqWipk3v581dMy2oyCHt7MOoY1aU1P1N/xA=="],

    "@snazzah/davey-linux-x64-gnu": ["@snazzah/davey-linux-x64-gnu@0.1.11", "", { "os": "linux", "cpu": "x64" }, "sha512-TW5bSoqChOJMbvsDb4wAATYrxmAXuNnse7wFNVSAJUaZKSeRfZbu3UAiPWSNn7GwLwSfU6hg322KZUn8IWCuvg=="],

    "@snazzah/davey-linux-x64-musl": ["@snazzah/davey-linux-x64-musl@0.1.11", "", { "os": "linux", "cpu": "x64" }, "sha512-5j6Pmc+Wzv5lSxVP6quA7teYRJXibkZqQyYGfTDnTsUOO5dPpcojpqlXlkhyvsA1OAQTj4uxbOCciN3cVWwzug=="],

    "@snazzah/davey-wasm32-wasi": ["@snazzah/davey-wasm32-wasi@0.1.11", "", { "dependencies": { "@napi-rs/wasm-runtime": "^1.1.2" }, "cpu": "none" }, "sha512-rKOwZ/0J8lp+4VEyOdMDBRP9KR+PksZpa9V1Qn0veMzy4FqTVKthkxwGqewheFe0SFg9fdvt798l/PBFrfDeZw=="],

    "@snazzah/davey-win32-arm64-msvc": ["@snazzah/davey-win32-arm64-msvc@0.1.11", "", { "os": "win32", "cpu": "arm64" }, "sha512-5fptJU4tX901m3mj0SHiBljMrPT4ZEsynbBhR7bK1yn9TY1jjyhN8EFi7QF5IWtUEni+0mia2BCMHZ5ZkmFZqQ=="],

    "@snazzah/davey-win32-ia32-msvc": ["@snazzah/davey-win32-ia32-msvc@0.1.11", "", { "os": "win32", "cpu": "ia32" }, "sha512-ualexn8SeLsiMHhWfzVrzRcjHgcBapg++FPaVgJJxoh2S/jCRiklXOu3luqIZdJdNKvhe2V9SwO/cImPeIIBKw=="],

    "@snazzah/davey-win32-x64-msvc": ["@snazzah/davey-win32-x64-msvc@0.1.11", "", { "os": "win32", "cpu": "x64" }, "sha512-muNhc8UKXtknzsH/w4AIkbPR2I8BuvApn0pDXar0IEvY8PCjqU/M8MPbOOEYwQVvQRMwVTgExtxzrkBPSXB4nA=="],

    "@tybys/wasm-util": ["@tybys/wasm-util@0.10.2", "", { "dependencies": { "tslib": "^2.4.0" } }, "sha512-RoBvJ2X0wuKlWFIjrwffGw1IqZHKQqzIchKaadZZfnNpsAYp2mM0h36JtPCjNDAHGgYez/15uMBpfGwchhiMgg=="],

    "@types/node": ["@types/node@26.0.0", "", { "dependencies": { "undici-types": "~8.3.0" } }, "sha512-vf2YFi1iY9lHGwNJMs01biZFbKJkrZR1T6/MlzjhJLPdntOHLhTrDSnSVcdtvjihi4VQNlrFRIxLsDBlQpAipA=="],

    "@types/ws": ["@types/ws@8.18.1", "", { "dependencies": { "@types/node": "*" } }, "sha512-ThVF6DCVhA8kUGy+aazFQ4kXQ7E1Ty7A3ypFOe0IcJV8O/M511G99AW24irKrW56Wt44yG9+ij8FaqoBGkuBXg=="],

    "@vladfrangu/async_event_emitter": ["@vladfrangu/async_event_emitter@2.4.7", "", {}, "sha512-Xfe6rpCTxSxfbswi/W/Pz7zp1WWSNn4A0eW4mLkQUewCrXXtMj31lCg+iQyTkh/CkusZSq9eDflu7tjEDXUY6g=="],

    "agent-base": ["agent-base@9.0.0", "", {}, "sha512-TQf59BsZnytt8GdJKLPfUZ54g/iaUL2OWDSFCCvMOhsHduDQxO8xC4PNeyIkVcA5KwL2phPSv0douC0fgWzmnA=="],

    "buffer-from": ["buffer-from@1.1.2", "", {}, "sha512-E+XQCRwSbaaiChtv6k6Dwgc+bx+Bs6vuKJHHl5kox/BaKbhiXzqQOwK4cO22yElGp2OCmjwVhT3HmxgyPGnJfQ=="],

    "caseless": ["caseless@0.12.0", "", {}, "sha512-4tYFyifaFfGacoiObjJegolkwSU4xQNGbVgUiNYVUxbQ2x2lUsFvY4hVgVzGiIe6WLOPqycWXA40l+PWsxthUw=="],

    "concat-stream": ["concat-stream@2.0.0", "", { "dependencies": { "buffer-from": "^1.0.0", "inherits": "^2.0.3", "readable-stream": "^3.0.2", "typedarray": "^0.0.6" } }, "sha512-MWufYdFw53ccGjCA+Ol7XJYpAlW6/prSMzuPOTRnJGcGzuhLn4Scrz7qf6o8bROZ514ltazcIFJZevcfbo0x7A=="],

    "debug": ["debug@4.4.3", "", { "dependencies": { "ms": "^2.1.3" } }, "sha512-RGwwWnwQvkVfavKVt22FGLw+xYSdzARwm0ru6DhTVA3umU5hZc28V3kO4stgYryrTlLpuvgI9GiijltAjNbcqA=="],

    "discord-api-types": ["discord-api-types@0.38.49", "", {}, "sha512-XnqcWmnFZFAE8ZM8SHAw9DIV8D3Or00rMQ8iQLotrEA2PmXhl+ykaf6L6q4l474hrSUH1JaYcv+iOMRWp2p6Tg=="],

    "discord.js": ["discord.js@14.26.4", "", { "dependencies": { "@discordjs/builders": "^1.14.1", "@discordjs/collection": "1.5.3", "@discordjs/formatters": "^0.6.2", "@discordjs/rest": "^2.6.1", "@discordjs/util": "^1.2.0", "@discordjs/ws": "^1.2.3", "@sapphire/snowflake": "3.5.3", "discord-api-types": "^0.38.40", "fast-deep-equal": "3.1.3", "lodash.snakecase": "4.1.1", "magic-bytes.js": "^1.13.0", "tslib": "^2.6.3", "undici": "6.24.1" } }, "sha512-4oBp8tc6Kf8IDBwAHhbsMaAqx1b5fob9SNasZT7V6yyyUydoO5i5fGuX7TmvRtR+q/WgKRnRViRoAWnG7fNyvA=="],

    "dotenv": ["dotenv@16.6.1", "", {}, "sha512-uBq4egWHTcTt33a72vpSG0z3HnPuIl6NqYcTrKEg2azoEyl2hpW0zqlxysq2pK9HlDIHyHyakeYaYnSAwd8bow=="],

    "env-paths": ["env-paths@2.2.1", "", {}, "sha512-+h1lkLKhZMTYjog1VEpJNG7NZJWcuc2DDk/qsqSTRRCOXiLjeQ1d1/udrUGhqMxUgAlwKNZ0cf2uqan5GLuS2A=="],

    "fast-deep-equal": ["fast-deep-equal@3.1.3", "", {}, "sha512-f3qQ9oQy9j2AhBe/H9VC91wLmKBCCU/gDOnKNAYG5hswO7BLKj09Hc5HYNz9cGI++xlpDCIgDaitVs03ATR84Q=="],

    "ffmpeg-static": ["ffmpeg-static@5.3.0", "", { "dependencies": { "@derhuerst/http-basic": "^8.2.0", "env-paths": "^2.2.0", "https-proxy-agent": "^5.0.0", "progress": "^2.0.3" } }, "sha512-H+K6sW6TiIX6VGend0KQwthe+kaceeH/luE8dIZyOP35ik7ahYojDuqlTV1bOrtEwl01sy2HFNGQfi5IDJvotg=="],

    "http-cookie-agent": ["http-cookie-agent@7.0.4", "", { "dependencies": { "agent-base": "^9.0.0" }, "peerDependencies": { "tough-cookie": "^4.0.0 || ^5.0.0 || ^6.0.0", "undici": "^7.0.0" }, "optionalPeers": ["undici"] }, "sha512-BF9iTnice7+LI4tHB8Bm0nFnp+J+bAY5Cll53uEa9NIFQCM7noUyWbImqJhB+j0drmJHvE/Wr6o+8FXq7IVYeA=="],

    "http-response-object": ["http-response-object@3.0.2", "", { "dependencies": { "@types/node": "^10.0.3" } }, "sha512-bqX0XTF6fnXSQcEJ2Iuyr75yVakyjIDCqroJQ/aHfSdlM743Cwqoi2nDYMzLGWUcuTWGWy8AAvOKXTfiv6q9RA=="],

    "https-proxy-agent": ["https-proxy-agent@7.0.6", "", { "dependencies": { "agent-base": "^7.1.2", "debug": "4" } }, "sha512-vK9P5/iUfdl95AI+JVyUuIcVtd4ofvtrOr3HNtM2yxC9bnMbEdp3x01OhQNnjb8IJYi38VlTE3mBXwcfvywuSw=="],

    "inherits": ["inherits@2.0.4", "", {}, "sha512-k/vGaX4/Yla3WzyMCvTQOXYeIHvqOKtnqBduzTHpzpQZzAskKMhZ2K+EnBiSM9zGSoIFeMpXKxa4dYeZIQqewQ=="],

    "libsodium": ["libsodium@0.7.16", "", {}, "sha512-3HrzSPuzm6Yt9aTYCDxYEG8x8/6C0+ag655Y7rhhWZM9PT4NpdnbqlzXhGZlDnkgR6MeSTnOt/VIyHLs9aSf+Q=="],

    "libsodium-wrappers": ["libsodium-wrappers@0.7.16", "", { "dependencies": { "libsodium": "^0.7.16" } }, "sha512-Gtr/WBx4dKjvRL1pvfwZqu7gO6AfrQ0u9vFL+kXihtHf6NfkROR8pjYWn98MFDI3jN19Ii1ZUfPR9afGiPyfHg=="],

    "lodash": ["lodash@4.18.1", "", {}, "sha512-dMInicTPVE8d1e5otfwmmjlxkZoUpiVLwyeTdUsi/Caj/gfzzblBcCE5sRHV/AsjuCmxWrte2TNGSYuCeCq+0Q=="],

    "lodash.snakecase": ["lodash.snakecase@4.1.1", "", {}, "sha512-QZ1d4xoBHYUeuouhEq3lk3Uq7ldgyFXGBhg04+oRLnIz8o9T65Eh+8YdroUwn846zchkA9yDsDl5CVVaV2nqYw=="],

    "m3u8stream": ["m3u8stream@0.8.6", "", { "dependencies": { "miniget": "^4.2.2", "sax": "^1.2.4" } }, "sha512-LZj8kIVf9KCphiHmH7sbFQTVe4tOemb202fWwvJwR9W5ENW/1hxJN6ksAWGhQgSBSa3jyWhnjKU1Fw1GaOdbyA=="],

    "magic-bytes.js": ["magic-bytes.js@1.13.0", "", {}, "sha512-afO2mnxW7GDTXMm5/AoN1WuOcdoKhtgXjIvHmobqTD1grNplhGdv3PFOyjCVmrnOZBIT/gD/koDKpYG+0mvHcg=="],

    "miniget": ["miniget@4.2.3", "", {}, "sha512-SjbDPDICJ1zT+ZvQwK0hUcRY4wxlhhNpHL9nJOB2MEAXRGagTljsO8MEDzQMTFf0Q8g4QNi8P9lEm/g7e+qgzA=="],

    "ms": ["ms@2.1.3", "", {}, "sha512-6FlzubTLZG3J2a/NVCAleEhjzq5oxgHyaCU9yYXvcLsvoVaHJq/s5xXI6/XXP6tz7R9xAOtHnSO/tXtF3WRTlA=="],

    "opusscript": ["opusscript@0.1.1", "", {}, "sha512-mL0fZZOUnXdZ78woRXp18lApwpp0lF5tozJOD1Wut0dgrA9WuQTgSels/CSmFleaAZrJi/nci5KOVtbuxeWoQA=="],

    "parse-cache-control": ["parse-cache-control@1.0.1", "", {}, "sha512-60zvsJReQPX5/QP0Kzfd/VrpjScIQ7SHBW6bFCYfEP+fp0Eppr1SHhIO5nd1PjZtvclzSzES9D/p5nFJurwfWg=="],

    "play-audio": ["play-audio@0.5.2", "", {}, "sha512-ZAqHUKkQLix2Iga7pPbsf1LpUoBjcpwU93F1l3qBIfxYddQLhxS6GKmS0d3jV8kSVaUbr6NnOEcEMFvuX93SWQ=="],

    "play-dl": ["play-dl@1.9.7", "", { "dependencies": { "play-audio": "^0.5.2" } }, "sha512-KpgerWxUCY4s9Mhze2qdqPhiqd8Ve6HufpH9mBH3FN+vux55qSh6WJKDabfie8IBHN7lnrAlYcT/UdGax58c2A=="],

    "prism-media": ["prism-media@1.3.5", "", { "peerDependencies": { "@discordjs/opus": ">=0.8.0 <1.0.0", "ffmpeg-static": "^5.0.2 || ^4.2.7 || ^3.0.0 || ^2.4.0", "node-opus": "^0.3.3", "opusscript": "^0.0.8" }, "optionalPeers": ["@discordjs/opus", "ffmpeg-static", "node-opus", "opusscript"] }, "sha512-IQdl0Q01m4LrkN1EGIE9lphov5Hy7WWlH6ulf5QdGePLlPas9p2mhgddTEHrlaXYjjFToM1/rWuwF37VF4taaA=="],

    "progress": ["progress@2.0.3", "", {}, "sha512-7PiHtLll5LdnKIMw100I+8xJXR5gW2QwWYkT6iJva0bXitZKa/XMrSbdmg3r2Xnaidz9Qumd0VPaMrZlF9V9sA=="],

    "readable-stream": ["readable-stream@3.6.2", "", { "dependencies": { "inherits": "^2.0.3", "string_decoder": "^1.1.1", "util-deprecate": "^1.0.1" } }, "sha512-9u/sniCrY3D5WdsERHzHE4G2YCXqoG5FTHUiCC4SIbr6XcLZBY05ya9EKjYek9O5xOAwjGq+1JdGBAS7Q9ScoA=="],

    "safe-buffer": ["safe-buffer@5.2.1", "", {}, "sha512-rp3So07KcdmmKbGvgaNxQSJr7bGVSVk5S9Eq1F+ppbRo70+YeaDxkw5Dd8NPN+GD6bjnYm2VuPuCXmpuYvmCXQ=="],

    "sax": ["sax@1.6.0", "", {}, "sha512-6R3J5M4AcbtLUdZmRv2SygeVaM7IhrLXu9BmnOGmmACak8fiUtOsYNWUS4uK7upbmHIBbLBeFeI//477BKLBzA=="],

    "string_decoder": ["string_decoder@1.3.0", "", { "dependencies": { "safe-buffer": "~5.2.0" } }, "sha512-hkRX8U1WjJFd8LsDJ2yQ/wWWxaopEsABU1XfkM8A+j0+85JAGppt16cr1Whg6KIbb4okU6Mql6BOj+uup/wKeA=="],

    "tldts": ["tldts@6.1.86", "", { "dependencies": { "tldts-core": "^6.1.86" }, "bin": { "tldts": "bin/cli.js" } }, "sha512-WMi/OQ2axVTf/ykqCQgXiIct+mSQDFdH2fkwhPwgEwvJ1kSzZRiinb0zF2Xb8u4+OqPChmyI6MEu4EezNJz+FQ=="],

    "tldts-core": ["tldts-core@6.1.86", "", {}, "sha512-Je6p7pkk+KMzMv2XXKmAE3McmolOQFdxkKw0R8EYNr7sELW46JqnNeTX8ybPiQgvg1ymCoF8LXs5fzFaZvJPTA=="],

    "tough-cookie": ["tough-cookie@5.1.2", "", { "dependencies": { "tldts": "^6.1.32" } }, "sha512-FVDYdxtnj0G6Qm/DhNPSb8Ju59ULcup3tuJxkFb5K8Bv2pUXILbf0xZWU8PX8Ov19OXljbUyveOFwRMwkXzO+A=="],

    "ts-mixer": ["ts-mixer@6.0.4", "", {}, "sha512-ufKpbmrugz5Aou4wcr5Wc1UUFWOLhq+Fm6qa6P0w0K5Qw2yhaUoiWszhCVuNQyNwrlGiscHOmqYoAox1PtvgjA=="],

    "tslib": ["tslib@2.8.1", "", {}, "sha512-oJFu94HQb+KVduSUQL7wnpmqnfmLsOA/nAh6b6EH0wCEoK0/mPeXU6c3wKDV83MkOuHPRHtSXKKU99IBazS/2w=="],

    "typedarray": ["typedarray@0.0.6", "", {}, "sha512-/aCDEGatGvZ2BIk+HmLf4ifCJFwvKFNb9/JeZPMulfgFracn9QFcAf5GO8B/mweUjSoblS5In0cWhqpfs/5PQA=="],

    "undici": ["undici@7.28.0", "", {}, "sha512-cRZYrTDwWznlnRiPjggAGxZXanty6M8RV1ff8Wm4LWXBp7/IG8v5DnOm74DtUBp9OONpK75YlPnIjQqX0dBDtA=="],

    "undici-types": ["undici-types@8.3.0", "", {}, "sha512-j375ScV60dom+YkPFIfTLcOiPxkN/buHz5GobjLhixFuANaNs3C9l4GmrWqejgXWJ7BbJcFYpTEUkS1Ge8bpZQ=="],

    "util-deprecate": ["util-deprecate@1.0.2", "", {}, "sha512-EPD5q1uXyFxJpCrLnCc1nHnq3gOa6DZBocAIiI2TaSCA7VCJ1UJDMagCzIkXNsUYfD1daK//LTEQ8xiIbrHtcw=="],

    "ws": ["ws@8.21.0", "", { "peerDependencies": { "bufferutil": "^4.0.1", "utf-8-validate": ">=5.0.2" }, "optionalPeers": ["bufferutil", "utf-8-validate"] }, "sha512-Vsp28b7DRcimFQvrqu2Wek3z1iYxDCWqHYB8Qsnk/S4RfaCQzPGPyBNuVjJV3cd6UiKtUtp6sNM77gWvzcCH+g=="],

    "@discordjs/rest/@discordjs/collection": ["@discordjs/collection@2.1.1", "", {}, "sha512-LiSusze9Tc7qF03sLCujF5iZp7K+vRNEDBZ86FT9aQAv3vxMLihUvKvpsCWiQ2DJq1tVckopKm1rxomgNUc9hg=="],

    "@discordjs/rest/@sapphire/snowflake": ["@sapphire/snowflake@3.5.5", "", {}, "sha512-xzvBr1Q1c4lCe7i6sRnrofxeO1QTP/LKQ6A6qy0iB4x5yfiSfARMEQEghojzTNALDTcv8En04qYNIco9/K9eZQ=="],

    "@discordjs/rest/undici": ["undici@6.24.1", "", {}, "sha512-sC+b0tB1whOCzbtlx20fx3WgCXwkW627p4EA9uM+/tNNPkSS+eSEld6pAs9nDv7WbY1UUljBMYPtu9BCOrCWKA=="],

    "@discordjs/ws/@discordjs/collection": ["@discordjs/collection@2.1.1", "", {}, "sha512-LiSusze9Tc7qF03sLCujF5iZp7K+vRNEDBZ86FT9aQAv3vxMLihUvKvpsCWiQ2DJq1tVckopKm1rxomgNUc9hg=="],

    "discord.js/undici": ["undici@6.24.1", "", {}, "sha512-sC+b0tB1whOCzbtlx20fx3WgCXwkW627p4EA9uM+/tNNPkSS+eSEld6pAs9nDv7WbY1UUljBMYPtu9BCOrCWKA=="],

    "ffmpeg-static/https-proxy-agent": ["https-proxy-agent@5.0.1", "", { "dependencies": { "agent-base": "6", "debug": "4" } }, "sha512-dFcAjpTQFgoLMzC2VwU+C/CbS7uRL0lWmxDITmqm7C+7F0Odmj6s9l6alZc6AELXhrnggM2CeWSXHGOdX2YtwA=="],

    "http-response-object/@types/node": ["@types/node@10.17.60", "", {}, "sha512-F0KIgDJfy2nA3zMLmWGKxcH2ZVEtCZXHHdOQs2gSaQ27+lNeEfGxzkIw90aXswATX7AZ33tahPbzy6KAfUreVw=="],

    "https-proxy-agent/agent-base": ["agent-base@7.1.4", "", {}, "sha512-MnA+YT8fwfJPgBx3m60MNqakm30XOkyIoH1y6huTQvC0PwZG7ki8NacLBcrPbNoo8vEZy7Jpuk7+jMO+CUovTQ=="],

    "ffmpeg-static/https-proxy-agent/agent-base": ["agent-base@6.0.2", "", { "dependencies": { "debug": "4" } }, "sha512-RZNwNclF7+MS/8bDg70amg32dyeZGZxiDuQmZxKLAlQjr3jGyLx+4Kkk58UO7D2QdgFIQCovuSuZESne6RG6XQ=="],
  }
}
